# THIS IS AN AUTOGENERATED FILE. DO NOT EDIT THIS FILE DIRECTLY.
# yarn lockfile v1


"@tensorflow/tfjs-core@1.2.9":
  version "1.2.9"
  resolved "https://registry.yarnpkg.com/@tensorflow/tfjs-core/-/tfjs-core-1.2.9.tgz#125830270a0bdd0e856914778a300c4ad6f51e21"
  integrity sha512-s0hHZSx6rGTlkkB8u8gs5n7sIPv1GXDNHmISRy+kqGzmlpkfI2kr6WXqOWQy6wFgjzopRD8cJQjBZ9USPZnYTQ==
  dependencies:
    "@types/offscreencanvas" "~2019.3.0"
    "@types/seedrandom" "2.4.27"
    "@types/webgl-ext" "0.0.30"
    "@types/webgl2" "0.0.4"
    node-fetch "~2.1.2"
    seedrandom "2.4.3"

"@tensorflow/tfjs-core@^1.2.9":
  version "1.2.11"
  resolved "https://registry.yarnpkg.com/@tensorflow/tfjs-core/-/tfjs-core-1.2.11.tgz#6bd870338cece217610613600ed4c20fdd13e201"
  integrity sha512-guqqD5bb5BTaTvUVWhG1xCXB0NuA5rv0indSEEOpMfqqBvtSwKp02heDGDcPOSUnmdB8V/HJbcyX2wRBXztQpA==
  dependencies:
    "@types/offscreencanvas" "~2019.3.0"
    "@types/seedrandom" "2.4.27"
    "@types/webgl-ext" "0.0.30"
    "@types/webgl2" "0.0.4"
    node-fetch "~2.1.2"
    seedrandom "2.4.3"

"@types/offscreencanvas@~2019.3.0":
  version "2019.3.0"
  resolved "https://registry.yarnpkg.com/@types/offscreencanvas/-/offscreencanvas-2019.3.0.tgz#3336428ec7e9180cf4566dfea5da04eb586a6553"
  integrity sha512-esIJx9bQg+QYF0ra8GnvfianIY8qWB0GBx54PK5Eps6m+xTj86KLavHv6qDhzKcu5UUOgNfJ2pWaIIV7TRUd9Q==

"@types/seedrandom@2.4.27":
  version "2.4.27"
  resolved "https://registry.yarnpkg.com/@types/seedrandom/-/seedrandom-2.4.27.tgz#9db563937dd86915f69092bc43259d2f48578e41"
  integrity sha1-nbVjk33YaRX2kJK8QyWdL0hXjkE=

"@types/webgl-ext@0.0.30":
  version "0.0.30"
  resolved "https://registry.yarnpkg.com/@types/webgl-ext/-/webgl-ext-0.0.30.tgz#0ce498c16a41a23d15289e0b844d945b25f0fb9d"
  integrity sha512-LKVgNmBxN0BbljJrVUwkxwRYqzsAEPcZOe6S2T6ZaBDIrFp0qu4FNlpc5sM1tGbXUYFgdVQIoeLk1Y1UoblyEg==

"@types/webgl2@0.0.4":
  version "0.0.4"
  resolved "https://registry.yarnpkg.com/@types/webgl2/-/webgl2-0.0.4.tgz#c3b0f9d6b465c66138e84e64cb3bdf8373c2c279"
  integrity sha512-PACt1xdErJbMUOUweSrbVM7gSIYm1vTncW2hF6Os/EeWi6TXYAYMPp+8v6rzHmypE5gHrxaxZNXgMkJVIdZpHw==

face-api.js@^0.21.0:
  version "0.21.0"
  resolved "https://registry.yarnpkg.com/face-api.js/-/face-api.js-0.21.0.tgz#c4d3ab17a61ebc504081747d9bded6cff1d80a41"
  integrity sha512-qgpT4sUo4Qj23+ceLUrsbZvVFbdt1wKaNK/3W4Zxpmmu0Buqukx9Zien9+IaFwAO72dgc+ltiY3O1HMY/0BTQw==
  dependencies:
    "@tensorflow/tfjs-core" "1.2.9"
    tfjs-image-recognition-base "^0.6.2"
    tslib "^1.10.0"

node-fetch@~2.1.2:
  version "2.1.2"
  resolved "https://registry.yarnpkg.com/node-fetch/-/node-fetch-2.1.2.tgz#ab884e8e7e57e38a944753cec706f788d1768bb5"
  integrity sha1-q4hOjn5X44qUR1POxwb3iNF2i7U=

seedrandom@2.4.3:
  version "2.4.3"
  resolved "https://registry.yarnpkg.com/seedrandom/-/seedrandom-2.4.3.tgz#2438504dad33917314bff18ac4d794f16d6aaecc"
  integrity sha1-JDhQTa0zkXMUv/GKxNeU8W1qrsw=

tfjs-image-recognition-base@^0.6.2:
  version "0.6.2"
  resolved "https://registry.yarnpkg.com/tfjs-image-recognition-base/-/tfjs-image-recognition-base-0.6.2.tgz#5614ea447470e262054bb2a7b29f8259f8409b23"
  integrity sha512-ukxViVfAPw7s0KiGhwr3zrwsm+EVa2Z+4aEwKBWO43Rt48nbPyVvrHdL+WbxRynZYjklEE69ft66C8zzea7vFw==
  dependencies:
    "@tensorflow/tfjs-core" "^1.2.9"
    tslib "^1.10.0"

tslib@^1.10.0:
  version "1.10.0"
  resolved "https://registry.yarnpkg.com/tslib/-/tslib-1.10.0.tgz#c3c19f95973fb0a62973fb09d90d961ee43e5c8a"
  integrity sha512-qOebF53frne81cf0S9B41ByenJ3/IuH8yJKngAX35CmiZySA0khhkovshKK+jGCaMnVomla7gVlIcc3EvKPbTQ==
